{
  "name": "server-test",
  "lockfileVersion": 2,
  "requires": true,
  "packages": {
    "": {
      "dependencies": {
        "js-base64": "^3.7.2",
        "uuid": "^8.3.2",
        "ws": "^8.3.0",
        "yjs": "^13.5.22"
      },
      "devDependencies": {
        "@types/google-protobuf": "^3.15.5",
        "@types/node": "^16.11.11",
        "@types/uuid": "^8.3.3",
        "@types/ws": "^8.2.1",
        "google-protobuf": "^3.19.1"
      }
    },
    "node_modules/@types/google-protobuf": {
      "version": "3.15.5",
      "resolved": "https://registry.npmjs.org/@types/google-protobuf/-/google-protobuf-3.15.5.tgz",
      "integrity": "sha512-6bgv24B+A2bo9AfzReeg5StdiijKzwwnRflA8RLd1V4Yv995LeTmo0z69/MPbBDFSiZWdZHQygLo/ccXhMEDgw==",
      "dev": true
    },
    "node_modules/@types/node": {
      "version": "16.11.11",
      "resolved": "https://registry.npmjs.org/@types/node/-/node-16.11.11.tgz",
      "integrity": "sha512-KB0sixD67CeecHC33MYn+eYARkqTheIRNuu97y2XMjR7Wu3XibO1vaY6VBV6O/a89SPI81cEUIYT87UqUWlZNw==",
      "dev": true
    },
    "node_modules/@types/uuid": {
      "version": "8.3.3",
      "resolved": "https://registry.npmjs.org/@types/uuid/-/uuid-8.3.3.tgz",
      "integrity": "sha512-0LbEEx1zxrYB3pgpd1M5lEhLcXjKJnYghvhTRgaBeUivLHMDM1TzF3IJ6hXU2+8uA4Xz+5BA63mtZo5DjVT8iA==",
      "dev": true
    },
    "node_modules/@types/ws": {
      "version": "8.2.1",
      "resolved": "https://registry.npmjs.org/@types/ws/-/ws-8.2.1.tgz",
      "integrity": "sha512-SqQ+LhVZaJi7c7sYVkjWALDigi/Wy7h7Iu72gkQp8Y8OWw/DddEVBrTSKu86pQftV2+Gm8lYM61hadPKqyaIeg==",
      "dev": true,
      "dependencies": {
        "@types/node": "*"
      }
    },
    "node_modules/google-protobuf": {
      "version": "3.19.1",
      "resolved": "https://registry.npmjs.org/google-protobuf/-/google-protobuf-3.19.1.tgz",
      "integrity": "sha512-Isv1RlNC+IzZzilcxnlVSf+JvuhxmY7DaxYCBy+zPS9XVuJRtlTTIXR9hnZ1YL1MMusJn/7eSy2swCzZIomQSg==",
      "dev": true
    },
    "node_modules/isomorphic.js": {
      "version": "0.2.4",
      "resolved": "https://registry.npmjs.org/isomorphic.js/-/isomorphic.js-0.2.4.tgz",
      "integrity": "sha512-Y4NjZceAwaPXctwsHgNsmfuPxR8lJ3f8X7QTAkhltrX4oGIv+eTlgHLXn4tWysC9zGTi929gapnPp+8F8cg7nA==",
      "funding": {
        "type": "GitHub Sponsors ❤",
        "url": "https://github.com/sponsors/dmonad"
      }
    },
    "node_modules/js-base64": {
      "version": "3.7.2",
      "resolved": "https://registry.npmjs.org/js-base64/-/js-base64-3.7.2.tgz",
      "integrity": "sha512-NnRs6dsyqUXejqk/yv2aiXlAvOs56sLkX6nUdeaNezI5LFFLlsZjOThmwnrcwh5ZZRwZlCMnVAY3CvhIhoVEKQ=="
    },
    "node_modules/lib0": {
      "version": "0.2.43",
      "resolved": "https://registry.npmjs.org/lib0/-/lib0-0.2.43.tgz",
      "integrity": "sha512-MJ1KLoz5p3gljIUBfdjjNuL/wlWHHK6+DrcIRhzSRLvtAu1XNdRtRGATYM51KSTI0P2nxJZFQM8rwCH6ga9KUw==",
      "dependencies": {
        "isomorphic.js": "^0.2.4"
      },
      "engines": {
        "node": ">=12"
      },
      "funding": {
        "type": "GitHub Sponsors ❤",
        "url": "https://github.com/sponsors/dmonad"
      }
    },
    "node_modules/uuid": {
      "version": "8.3.2",
      "resolved": "https://registry.npmjs.org/uuid/-/uuid-8.3.2.tgz",
      "integrity": "sha512-+NYs2QeMWy+GWFOEm9xnn6HCDp0l7QBD7ml8zLUmJ+93Q5NF0NocErnwkTkXVFNiX3/fpC6afS8Dhb/gz7R7eg==",
      "bin": {
        "uuid": "dist/bin/uuid"
      }
    },
    "node_modules/ws": {
      "version": "8.3.0",
      "resolved": "https://registry.npmjs.org/ws/-/ws-8.3.0.tgz",
      "integrity": "sha512-Gs5EZtpqZzLvmIM59w4igITU57lrtYVFneaa434VROv4thzJyV6UjIL3D42lslWlI+D4KzLYnxSwtfuiO79sNw==",
      "engines": {
        "node": ">=10.0.0"
      },
      "peerDependencies": {
        "bufferutil": "^4.0.1",
        "utf-8-validate": "^5.0.2"
      },
      "peerDependenciesMeta": {
        "bufferutil": {
          "optional": true
        },
        "utf-8-validate": {
          "optional": true
        }
      }
    },
    "node_modules/yjs": {
      "version": "13.5.22",
      "resolved": "https://registry.npmjs.org/yjs/-/yjs-13.5.22.tgz",
      "integrity": "sha512-qxsVlu/E2dLUUtJyhDbwkhrw1gWbdE+UWzVI2VEeY6G1M8TYI51VvXSoPC/4QQMNIyEdsCOW2cWxPUyoCH43gw==",
      "hasInstallScript": true,
      "dependencies": {
        "lib0": "^0.2.43"
      },
      "funding": {
        "type": "GitHub Sponsors ❤",
        "url": "https://github.com/sponsors/dmonad"
      }
    }
  },
  "dependencies": {
    "@types/google-protobuf": {
      "version": "3.15.5",
      "resolved": "https://registry.npmjs.org/@types/google-protobuf/-/google-protobuf-3.15.5.tgz",
      "integrity": "sha512-6bgv24B+A2bo9AfzReeg5StdiijKzwwnRflA8RLd1V4Yv995LeTmo0z69/MPbBDFSiZWdZHQygLo/ccXhMEDgw==",
      "dev": true
    },
    "@types/node": {
      "version": "16.11.11",
      "resolved": "https://registry.npmjs.org/@types/node/-/node-16.11.11.tgz",
      "integrity": "sha512-KB0sixD67CeecHC33MYn+eYARkqTheIRNuu97y2XMjR7Wu3XibO1vaY6VBV6O/a89SPI81cEUIYT87UqUWlZNw==",
      "dev": true
    },
    "@types/uuid": {
      "version": "8.3.3",
      "resolved": "https://registry.npmjs.org/@types/uuid/-/uuid-8.3.3.tgz",
      "integrity": "sha512-0LbEEx1zxrYB3pgpd1M5lEhLcXjKJnYghvhTRgaBeUivLHMDM1TzF3IJ6hXU2+8uA4Xz+5BA63mtZo5DjVT8iA==",
      "dev": true
    },
    "@types/ws": {
      "version": "8.2.1",
      "resolved": "https://registry.npmjs.org/@types/ws/-/ws-8.2.1.tgz",
      "integrity": "sha512-SqQ+LhVZaJi7c7sYVkjWALDigi/Wy7h7Iu72gkQp8Y8OWw/DddEVBrTSKu86pQftV2+Gm8lYM61hadPKqyaIeg==",
      "dev": true,
      "requires": {
        "@types/node": "*"
      }
    },
    "google-protobuf": {
      "version": "3.19.1",
      "resolved": "https://registry.npmjs.org/google-protobuf/-/google-protobuf-3.19.1.tgz",
      "integrity": "sha512-Isv1RlNC+IzZzilcxnlVSf+JvuhxmY7DaxYCBy+zPS9XVuJRtlTTIXR9hnZ1YL1MMusJn/7eSy2swCzZIomQSg==",
      "dev": true
    },
    "isomorphic.js": {
      "version": "0.2.4",
      "resolved": "https://registry.npmjs.org/isomorphic.js/-/isomorphic.js-0.2.4.tgz",
      "integrity": "sha512-Y4NjZceAwaPXctwsHgNsmfuPxR8lJ3f8X7QTAkhltrX4oGIv+eTlgHLXn4tWysC9zGTi929gapnPp+8F8cg7nA=="
    },
    "js-base64": {
      "version": "3.7.2",
      "resolved": "https://registry.npmjs.org/js-base64/-/js-base64-3.7.2.tgz",
      "integrity": "sha512-NnRs6dsyqUXejqk/yv2aiXlAvOs56sLkX6nUdeaNezI5LFFLlsZjOThmwnrcwh5ZZRwZlCMnVAY3CvhIhoVEKQ=="
    },
    "lib0": {
      "version": "0.2.43",
      "resolved": "https://registry.npmjs.org/lib0/-/lib0-0.2.43.tgz",
      "integrity": "sha512-MJ1KLoz5p3gljIUBfdjjNuL/wlWHHK6+DrcIRhzSRLvtAu1XNdRtRGATYM51KSTI0P2nxJZFQM8rwCH6ga9KUw==",
      "requires": {
        "isomorphic.js": "^0.2.4"
      }
    },
    "uuid": {
      "version": "8.3.2",
      "resolved": "https://registry.npmjs.org/uuid/-/uuid-8.3.2.tgz",
      "integrity": "sha512-+NYs2QeMWy+GWFOEm9xnn6HCDp0l7QBD7ml8zLUmJ+93Q5NF0NocErnwkTkXVFNiX3/fpC6afS8Dhb/gz7R7eg=="
    },
    "ws": {
      "version": "8.3.0",
      "resolved": "https://registry.npmjs.org/ws/-/ws-8.3.0.tgz",
      "integrity": "sha512-Gs5EZtpqZzLvmIM59w4igITU57lrtYVFneaa434VROv4thzJyV6UjIL3D42lslWlI+D4KzLYnxSwtfuiO79sNw==",
      "requires": {}
    },
    "yjs": {
      "version": "13.5.22",
      "resolved": "https://registry.npmjs.org/yjs/-/yjs-13.5.22.tgz",
      "integrity": "sha512-qxsVlu/E2dLUUtJyhDbwkhrw1gWbdE+UWzVI2VEeY6G1M8TYI51VvXSoPC/4QQMNIyEdsCOW2cWxPUyoCH43gw==",
      "requires": {
        "lib0": "^0.2.43"
      }
    }
  }
}
